
Microsoft Visual Studio Solution File, Format Version 12.00
# Visual Studio Version 17
VisualStudioVersion = 17.11.35222.181
MinimumVisualStudioVersion = 10.0.40219.1
Project("{FAE04EC0-301F-11D3-BF4B-00C04F79EFBC}") = "ANTDotNetTrainingBatch5.ConsoleApp", "ANTDotNetTrainingBatch5.ConsoleApp\ANTDotNetTrainingBatch5.ConsoleApp.csproj", "{6B492161-014D-417F-8ECB-B9E3FCC7A41B}"
EndProject
Global
	GlobalSection(SolutionConfigurationPlatforms) = preSolution
		Debug|Any CPU = Debug|Any CPU
		Release|Any CPU = Release|Any CPU
	EndGlobalSection
	GlobalSection(ProjectConfigurationPlatforms) = postSolution
		{6B492161-014D-417F-8ECB-B9E3FCC7A41B}.Debug|Any CPU.ActiveCfg = Debug|Any CPU
		{6B492161-014D-417F-8ECB-B9E3FCC7A41B}.Debug|Any CPU.Build.0 = Debug|Any CPU
		{6B492161-014D-417F-8ECB-B9E3FCC7A41B}.Release|Any CPU.ActiveCfg = Release|Any CPU
		{6B492161-014D-417F-8ECB-B9E3FCC7A41B}.Release|Any CPU.Build.0 = Release|Any CPU
	EndGlobalSection
	GlobalSection(SolutionProperties) = preSolution
		HideSolutionNode = FALSE
	EndGlobalSection
	GlobalSection(ExtensibilityGlobals) = postSolution
		SolutionGuid = {07855D5A-2E82-44A7-B2EE-3A27F2E7CF09}
	EndGlobalSection
EndGlobal
